
Microsoft Visual Studio Solution File, Format Version 12.00
# Visual Studio 15
VisualStudioVersion = 15.0.26430.14
MinimumVisualStudioVersion = 10.0.40219.1
Project("{8BC9CEB8-8B4A-11D0-8D11-00A0C91BC942}") = "win32", "win32\win32.vcxproj", "{CC048386-B4BB-4E5C-905F-FE18CEF59E51}"
EndProject
Project("{8BC9CEB8-8B4A-11D0-8D11-00A0C91BC942}") = "gdip", "gdip\gdip.vcxproj", "{C56A923C-E748-48E7-9EFE-D9965AA1BF52}"
EndProject
Project("{8BC9CEB8-8B4A-11D0-8D11-00A0C91BC942}") = "awt", "awt\awt.vcxproj", "{B37D1374-AD75-49B2-89BC-A87FAB8A82E2}"
EndProject
Project("{8BC9CEB8-8B4A-11D0-8D11-00A0C91BC942}") = "wgl", "wgl\wgl.vcxproj", "{AD367811-7CC5-44C4-9C00-D73E50DB8474}"
EndProject
Global
	GlobalSection(SolutionConfigurationPlatforms) = preSolution
		Debug|x64 = Debug|x64
		Debug|x86 = Debug|x86
		Release|x64 = Release|x64
		Release|x86 = Release|x86
	EndGlobalSection
	GlobalSection(ProjectConfigurationPlatforms) = postSolution
		{CC048386-B4BB-4E5C-905F-FE18CEF59E51}.Debug|x64.ActiveCfg = Release|x64
		{CC048386-B4BB-4E5C-905F-FE18CEF59E51}.Debug|x64.Build.0 = Release|x64
		{CC048386-B4BB-4E5C-905F-FE18CEF59E51}.Debug|x86.ActiveCfg = Release|Win32
		{CC048386-B4BB-4E5C-905F-FE18CEF59E51}.Debug|x86.Build.0 = Release|Win32
		{CC048386-B4BB-4E5C-905F-FE18CEF59E51}.Release|x64.ActiveCfg = Release|x64
		{CC048386-B4BB-4E5C-905F-FE18CEF59E51}.Release|x64.Build.0 = Release|x64
		{CC048386-B4BB-4E5C-905F-FE18CEF59E51}.Release|x86.ActiveCfg = Release|Win32
		{CC048386-B4BB-4E5C-905F-FE18CEF59E51}.Release|x86.Build.0 = Release|Win32
		{C56A923C-E748-48E7-9EFE-D9965AA1BF52}.Debug|x64.ActiveCfg = Release|x64
		{C56A923C-E748-48E7-9EFE-D9965AA1BF52}.Debug|x64.Build.0 = Release|x64
		{C56A923C-E748-48E7-9EFE-D9965AA1BF52}.Debug|x86.ActiveCfg = Release|Win32
		{C56A923C-E748-48E7-9EFE-D9965AA1BF52}.Debug|x86.Build.0 = Release|Win32
		{C56A923C-E748-48E7-9EFE-D9965AA1BF52}.Release|x64.ActiveCfg = Release|x64
		{C56A923C-E748-48E7-9EFE-D9965AA1BF52}.Release|x64.Build.0 = Release|x64
		{C56A923C-E748-48E7-9EFE-D9965AA1BF52}.Release|x86.ActiveCfg = Release|Win32
		{C56A923C-E748-48E7-9EFE-D9965AA1BF52}.Release|x86.Build.0 = Release|Win32
		{B37D1374-AD75-49B2-89BC-A87FAB8A82E2}.Debug|x64.ActiveCfg = Release|x64
		{B37D1374-AD75-49B2-89BC-A87FAB8A82E2}.Debug|x64.Build.0 = Release|x64
		{B37D1374-AD75-49B2-89BC-A87FAB8A82E2}.Debug|x86.ActiveCfg = Release|Win32
		{B37D1374-AD75-49B2-89BC-A87FAB8A82E2}.Debug|x86.Build.0 = Release|Win32
		{B37D1374-AD75-49B2-89BC-A87FAB8A82E2}.Release|x64.ActiveCfg = Release|x64
		{B37D1374-AD75-49B2-89BC-A87FAB8A82E2}.Release|x64.Build.0 = Release|x64
		{B37D1374-AD75-49B2-89BC-A87FAB8A82E2}.Release|x86.ActiveCfg = Release|Win32
		{B37D1374-AD75-49B2-89BC-A87FAB8A82E2}.Release|x86.Build.0 = Release|Win32
		{AD367811-7CC5-44C4-9C00-D73E50DB8474}.Debug|x64.ActiveCfg = Release|x64
		{AD367811-7CC5-44C4-9C00-D73E50DB8474}.Debug|x64.Build.0 = Release|x64
		{AD367811-7CC5-44C4-9C00-D73E50DB8474}.Debug|x86.ActiveCfg = Release|Win32
		{AD367811-7CC5-44C4-9C00-D73E50DB8474}.Debug|x86.Build.0 = Release|Win32
		{AD367811-7CC5-44C4-9C00-D73E50DB8474}.Release|x64.ActiveCfg = Release|x64
		{AD367811-7CC5-44C4-9C00-D73E50DB8474}.Release|x64.Build.0 = Release|x64
		{AD367811-7CC5-44C4-9C00-D73E50DB8474}.Release|x86.ActiveCfg = Release|Win32
		{AD367811-7CC5-44C4-9C00-D73E50DB8474}.Release|x86.Build.0 = Release|Win32
	EndGlobalSection
	GlobalSection(SolutionProperties) = preSolution
		HideSolutionNode = FALSE
	EndGlobalSection
EndGlobal
